
Microsoft Visual Studio Solution File, Format Version 12.00
# Visual Studio Version 17
VisualStudioVersion = 17.14.36301.6
MinimumVisualStudioVersion = 10.0.40219.1
Project("{FAE04EC0-301F-11D3-BF4B-00C04F79EFBC}") = "Stajyeryotom", "Stajyeryotom\Stajyeryotom.csproj", "{78B0A0A4-E616-46CB-B9E4-929181F82866}"
EndProject
Project("{FAE04EC0-301F-11D3-BF4B-00C04F79EFBC}") = "Entities", "Entities\Entities.csproj", "{41F0C748-64A6-4DA3-BD84-114CEBB09C1F}"
EndProject
Project("{FAE04EC0-301F-11D3-BF4B-00C04F79EFBC}") = "Services", "Services\Services.csproj", "{EB0066C1-8C0D-471A-8DFF-1DB5F3211E05}"
EndProject
Project("{FAE04EC0-301F-11D3-BF4B-00C04F79EFBC}") = "Repositories", "Repositories\Repositories.csproj", "{6B94D37D-52FE-4FD1-AB41-960C2E351F76}"
EndProject
Global
	GlobalSection(SolutionConfigurationPlatforms) = preSolution
		Debug|Any CPU = Debug|Any CPU
		Release|Any CPU = Release|Any CPU
	EndGlobalSection
	GlobalSection(ProjectConfigurationPlatforms) = postSolution
		{78B0A0A4-E616-46CB-B9E4-929181F82866}.Debug|Any CPU.ActiveCfg = Debug|Any CPU
		{78B0A0A4-E616-46CB-B9E4-929181F82866}.Debug|Any CPU.Build.0 = Debug|Any CPU
		{78B0A0A4-E616-46CB-B9E4-929181F82866}.Release|Any CPU.ActiveCfg = Release|Any CPU
		{78B0A0A4-E616-46CB-B9E4-929181F82866}.Release|Any CPU.Build.0 = Release|Any CPU
		{41F0C748-64A6-4DA3-BD84-114CEBB09C1F}.Debug|Any CPU.ActiveCfg = Debug|Any CPU
		{41F0C748-64A6-4DA3-BD84-114CEBB09C1F}.Debug|Any CPU.Build.0 = Debug|Any CPU
		{41F0C748-64A6-4DA3-BD84-114CEBB09C1F}.Release|Any CPU.ActiveCfg = Release|Any CPU
		{41F0C748-64A6-4DA3-BD84-114CEBB09C1F}.Release|Any CPU.Build.0 = Release|Any CPU
		{EB0066C1-8C0D-471A-8DFF-1DB5F3211E05}.Debug|Any CPU.ActiveCfg = Debug|Any CPU
		{EB0066C1-8C0D-471A-8DFF-1DB5F3211E05}.Debug|Any CPU.Build.0 = Debug|Any CPU
		{EB0066C1-8C0D-471A-8DFF-1DB5F3211E05}.Release|Any CPU.ActiveCfg = Release|Any CPU
		{EB0066C1-8C0D-471A-8DFF-1DB5F3211E05}.Release|Any CPU.Build.0 = Release|Any CPU
		{6B94D37D-52FE-4FD1-AB41-960C2E351F76}.Debug|Any CPU.ActiveCfg = Debug|Any CPU
		{6B94D37D-52FE-4FD1-AB41-960C2E351F76}.Debug|Any CPU.Build.0 = Debug|Any CPU
		{6B94D37D-52FE-4FD1-AB41-960C2E351F76}.Release|Any CPU.ActiveCfg = Release|Any CPU
		{6B94D37D-52FE-4FD1-AB41-960C2E351F76}.Release|Any CPU.Build.0 = Release|Any CPU
	EndGlobalSection
	GlobalSection(SolutionProperties) = preSolution
		HideSolutionNode = FALSE
	EndGlobalSection
	GlobalSection(ExtensibilityGlobals) = postSolution
		SolutionGuid = {E9E1988D-F78F-4277-8D47-711E87C5AFF6}
	EndGlobalSection
EndGlobal
